
Microsoft Visual Studio Solution File, Format Version 12.00
# Visual Studio 14
VisualStudioVersion = 14.0.25420.1
MinimumVisualStudioVersion = 10.0.40219.1
Project("{888888A0-9F3D-457C-B088-3A5042F75D52}") = "Skoarcery", "Skoarcery.pyproj", "{0EE98C90-949D-420C-A2AC-1A570DA68F66}"
EndProject
Project("{2150E333-8FDC-42A3-9474-1A3956D46DE8}") = "Solution Items", "Solution Items", "{4285A29B-31B9-467E-B7C0-AD980FC0668C}"
	ProjectSection(SolutionItems) = preProject
		Skoar_CPP.testsettings = Skoar_CPP.testsettings
		Skoar_SC.testsettings = Skoar_SC.testsettings
	EndProjectSection
EndProject
Project("{8BC9CEB8-8B4A-11D0-8D11-00A0C91BC942}") = "SkoarCpp", "SkoarCpp\SkoarCpp.vcxproj", "{CE04D559-E5FD-4EBE-88AC-66FCF595DD65}"
EndProject
Global
	GlobalSection(SolutionConfigurationPlatforms) = preSolution
		Deb Prog|Any CPU = Deb Prog|Any CPU
		Deb Prog|Win32 = Deb Prog|Win32
		Deb Prog|x64 = Deb Prog|x64
		Debug|Any CPU = Debug|Any CPU
		Debug|Win32 = Debug|Win32
		Debug|x64 = Debug|x64
		Rel Prog|Any CPU = Rel Prog|Any CPU
		Rel Prog|Win32 = Rel Prog|Win32
		Rel Prog|x64 = Rel Prog|x64
		Release|Any CPU = Release|Any CPU
		Release|Win32 = Release|Win32
		Release|x64 = Release|x64
	EndGlobalSection
	GlobalSection(ProjectConfigurationPlatforms) = postSolution
		{0EE98C90-949D-420C-A2AC-1A570DA68F66}.Deb Prog|Any CPU.ActiveCfg = Deb Prog|Any CPU
		{0EE98C90-949D-420C-A2AC-1A570DA68F66}.Deb Prog|Win32.ActiveCfg = Deb Prog|Any CPU
		{0EE98C90-949D-420C-A2AC-1A570DA68F66}.Deb Prog|x64.ActiveCfg = Deb Prog|Any CPU
		{0EE98C90-949D-420C-A2AC-1A570DA68F66}.Debug|Any CPU.ActiveCfg = Debug|Any CPU
		{0EE98C90-949D-420C-A2AC-1A570DA68F66}.Debug|Win32.ActiveCfg = Debug|Any CPU
		{0EE98C90-949D-420C-A2AC-1A570DA68F66}.Debug|x64.ActiveCfg = Debug|Any CPU
		{0EE98C90-949D-420C-A2AC-1A570DA68F66}.Rel Prog|Any CPU.ActiveCfg = Rel Prog|Any CPU
		{0EE98C90-949D-420C-A2AC-1A570DA68F66}.Rel Prog|Win32.ActiveCfg = Rel Prog|Any CPU
		{0EE98C90-949D-420C-A2AC-1A570DA68F66}.Rel Prog|x64.ActiveCfg = Rel Prog|Any CPU
		{0EE98C90-949D-420C-A2AC-1A570DA68F66}.Release|Any CPU.ActiveCfg = Release|Any CPU
		{0EE98C90-949D-420C-A2AC-1A570DA68F66}.Release|Win32.ActiveCfg = Release|Any CPU
		{0EE98C90-949D-420C-A2AC-1A570DA68F66}.Release|x64.ActiveCfg = Release|Any CPU
		{CE04D559-E5FD-4EBE-88AC-66FCF595DD65}.Deb Prog|Any CPU.ActiveCfg = Deb Prog|Win32
		{CE04D559-E5FD-4EBE-88AC-66FCF595DD65}.Deb Prog|Win32.ActiveCfg = Deb Prog|Win32
		{CE04D559-E5FD-4EBE-88AC-66FCF595DD65}.Deb Prog|Win32.Build.0 = Deb Prog|Win32
		{CE04D559-E5FD-4EBE-88AC-66FCF595DD65}.Deb Prog|x64.ActiveCfg = Deb Prog|x64
		{CE04D559-E5FD-4EBE-88AC-66FCF595DD65}.Deb Prog|x64.Build.0 = Deb Prog|x64
		{CE04D559-E5FD-4EBE-88AC-66FCF595DD65}.Debug|Any CPU.ActiveCfg = Debug|Win32
		{CE04D559-E5FD-4EBE-88AC-66FCF595DD65}.Debug|Win32.ActiveCfg = Debug|Win32
		{CE04D559-E5FD-4EBE-88AC-66FCF595DD65}.Debug|Win32.Build.0 = Debug|Win32
		{CE04D559-E5FD-4EBE-88AC-66FCF595DD65}.Debug|x64.ActiveCfg = Debug|x64
		{CE04D559-E5FD-4EBE-88AC-66FCF595DD65}.Debug|x64.Build.0 = Debug|x64
		{CE04D559-E5FD-4EBE-88AC-66FCF595DD65}.Rel Prog|Any CPU.ActiveCfg = Rel Prog|Win32
		{CE04D559-E5FD-4EBE-88AC-66FCF595DD65}.Rel Prog|Win32.ActiveCfg = Rel Prog|Win32
		{CE04D559-E5FD-4EBE-88AC-66FCF595DD65}.Rel Prog|Win32.Build.0 = Rel Prog|Win32
		{CE04D559-E5FD-4EBE-88AC-66FCF595DD65}.Rel Prog|x64.ActiveCfg = Rel Prog|x64
		{CE04D559-E5FD-4EBE-88AC-66FCF595DD65}.Rel Prog|x64.Build.0 = Rel Prog|x64
		{CE04D559-E5FD-4EBE-88AC-66FCF595DD65}.Release|Any CPU.ActiveCfg = Release|Win32
		{CE04D559-E5FD-4EBE-88AC-66FCF595DD65}.Release|Win32.ActiveCfg = Release|Win32
		{CE04D559-E5FD-4EBE-88AC-66FCF595DD65}.Release|Win32.Build.0 = Release|Win32
		{CE04D559-E5FD-4EBE-88AC-66FCF595DD65}.Release|x64.ActiveCfg = Release|x64
		{CE04D559-E5FD-4EBE-88AC-66FCF595DD65}.Release|x64.Build.0 = Release|x64
	EndGlobalSection
	GlobalSection(SolutionProperties) = preSolution
		HideSolutionNode = FALSE
	EndGlobalSection
EndGlobal
