<?xml version="1.0" encoding="utf-8"?>
<Project ToolsVersion="4.0" xmlns="http://schemas.microsoft.com/developer/msbuild/2003">
  <ItemGroup>
    <Filter Include="Source Files">
      <UniqueIdentifier>{4FC737F1-C7A5-4376-A066-2A32D752A2FF}</UniqueIdentifier>
      <Extensions>cpp;c;cc;cxx;def;odl;idl;hpj;bat;asm;asmx</Extensions>
    </Filter>
    <Filter Include="Header Files">
      <UniqueIdentifier>{93995380-89BD-4b04-88EB-625FBE52EBFB}</UniqueIdentifier>
      <Extensions>h;hh;hpp;hxx;hm;inl;inc;xsd</Extensions>
    </Filter>
    <Filter Include="Resource Files">
      <UniqueIdentifier>{67DA6AB6-F800-4c08-8B7A-83BB121AAD01}</UniqueIdentifier>
      <Extensions>rc;ico;cur;bmp;dlg;rc2;rct;bin;rgs;gif;jpg;jpeg;jpe;resx;tiff;tif;png;wav;mfcribbon-ms</Extensions>
    </Filter>
  </ItemGroup>
  <ItemGroup>
    <ClInclude Include="toker.hpp">
      <Filter>Header Files</Filter>
    </ClInclude>
    <ClInclude Include="lex.hpp">
      <Filter>Header Files</Filter>
    </ClInclude>
    <ClInclude Include="rdpp.hpp">
      <Filter>Header Files</Filter>
    </ClInclude>
    <ClInclude Include="skoar.hpp">
      <Filter>Header Files</Filter>
    </ClInclude>
    <ClInclude Include="noad.hpp">
      <Filter>Header Files</Filter>
    </ClInclude>
    <ClInclude Include="skoarcery.hpp">
      <Filter>Header Files</Filter>
    </ClInclude>
    <ClInclude Include="koar.hpp">
      <Filter>Header Files</Filter>
    </ClInclude>
    <ClInclude Include="operators.hpp">
      <Filter>Header Files</Filter>
    </ClInclude>
    <ClInclude Include="minstrel.hpp">
      <Filter>Header Files</Filter>
    </ClInclude>
    <ClInclude Include="fairy.hpp">
      <Filter>Header Files</Filter>
    </ClInclude>
    <ClInclude Include="decorating.hpp">
      <Filter>Header Files</Filter>
    </ClInclude>
    <ClInclude Include="beaty.hpp">
      <Filter>Header Files</Filter>
    </ClInclude>
    <ClInclude Include="pitchy.hpp">
      <Filter>Header Files</Filter>
    </ClInclude>
    <ClInclude Include="event.hpp">
      <Filter>Header Files</Filter>
    </ClInclude>
    <ClInclude Include="beaty_fwd.hpp">
      <Filter>Header Files</Filter>
    </ClInclude>
    <ClInclude Include="decorating_fwd.hpp">
      <Filter>Header Files</Filter>
    </ClInclude>
    <ClInclude Include="fairy_fwd.hpp">
      <Filter>Header Files</Filter>
    </ClInclude>
    <ClInclude Include="koar_fwd.hpp">
      <Filter>Header Files</Filter>
    </ClInclude>
    <ClInclude Include="lex_fwd.hpp">
      <Filter>Header Files</Filter>
    </ClInclude>
    <ClInclude Include="minstrel_fwd.hpp">
      <Filter>Header Files</Filter>
    </ClInclude>
    <ClInclude Include="noad_fwd.hpp">
      <Filter>Header Files</Filter>
    </ClInclude>
    <ClInclude Include="operators_fwd.hpp">
      <Filter>Header Files</Filter>
    </ClInclude>
    <ClInclude Include="pitchy_fwd.hpp">
      <Filter>Header Files</Filter>
    </ClInclude>
    <ClInclude Include="exception_fwd.hpp">
      <Filter>Header Files</Filter>
    </ClInclude>
    <ClInclude Include="exception.hpp">
      <Filter>Header Files</Filter>
    </ClInclude>
    <ClInclude Include="rdpp_fwd.hpp">
      <Filter>Header Files</Filter>
    </ClInclude>
    <ClInclude Include="skoar_fwd.hpp">
      <Filter>Header Files</Filter>
    </ClInclude>
    <ClInclude Include="skoarpion_fwd.hpp">
      <Filter>Header Files</Filter>
    </ClInclude>
    <ClInclude Include="skoarpion.hpp">
      <Filter>Header Files</Filter>
    </ClInclude>
    <ClInclude Include="skoarpuscle.hpp">
      <Filter>Header Files</Filter>
    </ClInclude>
    <ClInclude Include="skoarpuscle_fwd.hpp">
      <Filter>Header Files</Filter>
    </ClInclude>
    <ClInclude Include="toker_fwd.hpp">
      <Filter>Header Files</Filter>
    </ClInclude>
    <ClInclude Include="event_fwd.hpp">
      <Filter>Header Files</Filter>
    </ClInclude>
    <ClInclude Include="spells.hpp">
      <Filter>Header Files</Filter>
    </ClInclude>
    <ClInclude Include="logging.hpp">
      <Filter>Header Files</Filter>
    </ClInclude>
    <ClInclude Include="skoar_public.hpp">
      <Filter>Header Files</Filter>
    </ClInclude>
    <ClInclude Include="skoarbuf.hpp">
      <Filter>Header Files</Filter>
    </ClInclude>
    <ClInclude Include="skoarstyles_unreal.hpp">
      <Filter>Header Files</Filter>
    </ClInclude>
    <ClInclude Include="styles.hpp">
      <Filter>Header Files</Filter>
    </ClInclude>
    <ClInclude Include="memories.hpp">
      <Filter>Header Files</Filter>
    </ClInclude>
    <ClInclude Include="skoarpion_skoarpuscle.hpp">
      <Filter>Header Files</Filter>
    </ClInclude>
    <ClInclude Include="meditation.hpp">
      <Filter>Header Files</Filter>
    </ClInclude>
    <ClInclude Include="envelope.hpp">
      <Filter>Header Files</Filter>
    </ClInclude>
    <ClInclude Include="dsp.hpp">
      <Filter>Header Files</Filter>
    </ClInclude>
    <ClInclude Include="lute.hpp">
      <Filter>Header Files</Filter>
    </ClInclude>
    <ClInclude Include="toke_inspector.hpp">
      <Filter>Header Files</Filter>
    </ClInclude>
    <ClInclude Include="make_skoarpuscle.hpp">
      <Filter>Header Files</Filter>
    </ClInclude>
    <ClInclude Include="all_skoarpuscles.hpp">
      <Filter>Header Files</Filter>
    </ClInclude>
  </ItemGroup>
  <ItemGroup>
    <ClCompile Include="toker.cpp">
      <Filter>Source Files</Filter>
    </ClCompile>
    <ClCompile Include="rdpp.cpp">
      <Filter>Source Files</Filter>
    </ClCompile>
    <ClCompile Include="skoar.cpp">
      <Filter>Source Files</Filter>
    </ClCompile>
    <ClCompile Include="noad.cpp">
      <Filter>Source Files</Filter>
    </ClCompile>
    <ClCompile Include="koar.cpp">
      <Filter>Source Files</Filter>
    </ClCompile>
    <ClCompile Include="event.cpp">
      <Filter>Source Files</Filter>
    </ClCompile>
    <ClCompile Include="beaty.cpp">
      <Filter>Source Files</Filter>
    </ClCompile>
    <ClCompile Include="decorating.cpp">
      <Filter>Source Files</Filter>
    </ClCompile>
    <ClCompile Include="fairy.cpp">
      <Filter>Source Files</Filter>
    </ClCompile>
    <ClCompile Include="operators.cpp">
      <Filter>Source Files</Filter>
    </ClCompile>
    <ClCompile Include="pitchy.cpp">
      <Filter>Source Files</Filter>
    </ClCompile>
    <ClCompile Include="minstrel.cpp">
      <Filter>Source Files</Filter>
    </ClCompile>
    <ClCompile Include="exception.cpp">
      <Filter>Source Files</Filter>
    </ClCompile>
    <ClCompile Include="skoarpuscle.cpp">
      <Filter>Source Files</Filter>
    </ClCompile>
    <ClCompile Include="skoarpion.cpp">
      <Filter>Source Files</Filter>
    </ClCompile>
    <ClCompile Include="logging.cpp">
      <Filter>Source Files</Filter>
    </ClCompile>
    <ClCompile Include="lex.cpp">
      <Filter>Source Files</Filter>
    </ClCompile>
    <ClCompile Include="styles.cpp">
      <Filter>Source Files</Filter>
    </ClCompile>
    <ClCompile Include="memories.cpp">
      <Filter>Source Files</Filter>
    </ClCompile>
    <ClCompile Include="entry.cpp">
      <Filter>Source Files</Filter>
    </ClCompile>
    <ClCompile Include="skoarpion_skoarpuscle.cpp">
      <Filter>Source Files</Filter>
    </ClCompile>
    <ClCompile Include="meditation.cpp">
      <Filter>Source Files</Filter>
    </ClCompile>
    <ClCompile Include="envelope.cpp">
      <Filter>Source Files</Filter>
    </ClCompile>
    <ClCompile Include="dsp.cpp">
      <Filter>Source Files</Filter>
    </ClCompile>
    <ClCompile Include="lute.cpp">
      <Filter>Source Files</Filter>
    </ClCompile>
    <ClCompile Include="toke_inspector.cpp">
      <Filter>Source Files</Filter>
    </ClCompile>
    <ClCompile Include="skoarpuscle_structors.cpp">
      <Filter>Source Files</Filter>
    </ClCompile>
  </ItemGroup>
</Project>